
Microsoft Visual Studio Solution File, Format Version 12.00
# Visual Studio Version 17
VisualStudioVersion = 17.10.35122.118
MinimumVisualStudioVersion = 10.0.40219.1
Project("{FAE04EC0-301F-11D3-BF4B-00C04F79EFBC}") = "integrator_ui_back", "integrator_ui_back\integrator_ui_back.csproj", "{A5258756-C954-43CE-B4C4-F98FA532A781}"
EndProject
Global
	GlobalSection(SolutionConfigurationPlatforms) = preSolution
		Debug|Any CPU = Debug|Any CPU
		Release|Any CPU = Release|Any CPU
	EndGlobalSection
	GlobalSection(ProjectConfigurationPlatforms) = postSolution
		{A5258756-C954-43CE-B4C4-F98FA532A781}.Debug|Any CPU.ActiveCfg = Debug|Any CPU
		{A5258756-C954-43CE-B4C4-F98FA532A781}.Debug|Any CPU.Build.0 = Debug|Any CPU
		{A5258756-C954-43CE-B4C4-F98FA532A781}.Release|Any CPU.ActiveCfg = Release|Any CPU
		{A5258756-C954-43CE-B4C4-F98FA532A781}.Release|Any CPU.Build.0 = Release|Any CPU
	EndGlobalSection
	GlobalSection(SolutionProperties) = preSolution
		HideSolutionNode = FALSE
	EndGlobalSection
	GlobalSection(ExtensibilityGlobals) = postSolution
		SolutionGuid = {D6178285-4635-45EB-B025-65E3C81F1B69}
	EndGlobalSection
EndGlobal
